
Microsoft Visual Studio Solution File, Format Version 12.00
# Visual Studio Version 17
VisualStudioVersion = 17.8.34309.116
MinimumVisualStudioVersion = 10.0.40219.1
Project("{9A19103F-16F7-4668-BE54-9A1E7A4F7556}") = "ChatAppServer.WebAPI", "ChatAppServer.WebAPI.csproj", "{A86FA0F1-76B8-417F-87F3-F85BAE4F459B}"
EndProject
Global
	GlobalSection(SolutionConfigurationPlatforms) = preSolution
		Debug|Any CPU = Debug|Any CPU
		Release|Any CPU = Release|Any CPU
	EndGlobalSection
	GlobalSection(ProjectConfigurationPlatforms) = postSolution
		{A86FA0F1-76B8-417F-87F3-F85BAE4F459B}.Debug|Any CPU.ActiveCfg = Debug|Any CPU
		{A86FA0F1-76B8-417F-87F3-F85BAE4F459B}.Debug|Any CPU.Build.0 = Debug|Any CPU
		{A86FA0F1-76B8-417F-87F3-F85BAE4F459B}.Release|Any CPU.ActiveCfg = Release|Any CPU
		{A86FA0F1-76B8-417F-87F3-F85BAE4F459B}.Release|Any CPU.Build.0 = Release|Any CPU
	EndGlobalSection
	GlobalSection(SolutionProperties) = preSolution
		HideSolutionNode = FALSE
	EndGlobalSection
	GlobalSection(ExtensibilityGlobals) = postSolution
		SolutionGuid = {55A93238-6337-4675-BB27-27B6236BCED8}
	EndGlobalSection
EndGlobal
